lockfileVersion: '9.0'

settings:
  autoInstallPeers: true
  excludeLinksFromLockfile: false

importers:

  .:
    dependencies:
      '@lmstudio/sdk':
        specifier: ^1.5.0
        version: 1.5.0
      '@sapphire/decorators':
        specifier: ^6.2.0
        version: 6.2.0
      '@sapphire/discord.js-utilities':
        specifier: ^7.3.3
        version: 7.3.3
      '@sapphire/framework':
        specifier: ^5.5.0
        version: 5.5.0
      '@sapphire/pieces':
        specifier: ^4.4.1
        version: 4.4.1
      cheerio:
        specifier: ^1.1.2
        version: 1.1.2
      discord.js:
        specifier: ~14.25.1
        version: 14.25.1
      dotenv:
        specifier: ^17.2.3
        version: 17.2.3
      duckduckjs:
        specifier: ^1.0.1
        version: 1.0.1
      seedrandom:
        specifier: ^3.0.5
        version: 3.0.5
      zod:
        specifier: ^3.25.76
        version: 3.25.76
    devDependencies:
      '@types/node':
        specifier: ^25.0.3
        version: 25.0.3
      '@types/seedrandom':
        specifier: ^3.0.8
        version: 3.0.8
      '@typescript/native-preview':
        specifier: 7.0.0-dev.20260106.1
        version: 7.0.0-dev.20260106.1

packages:

  '@discordjs/builders@1.13.1':
    resolution: {integrity: sha512-cOU0UDHc3lp/5nKByDxkmRiNZBpdp0kx55aarbiAfakfKJHlxv/yFW1zmIqCAmwH5CRlrH9iMFKJMpvW4DPB+w==}
    engines: {node: '>=16.11.0'}

  '@discordjs/collection@1.5.3':
    resolution: {integrity: sha512-SVb428OMd3WO1paV3rm6tSjM4wC+Kecaa1EUGX7vc6/fddvw/6lg90z4QtCqm21zvVe92vMMDt9+DkIvjXImQQ==}
    engines: {node: '>=16.11.0'}

  '@discordjs/collection@2.1.1':
    resolution: {integrity: sha512-LiSusze9Tc7qF03sLCujF5iZp7K+vRNEDBZ86FT9aQAv3vxMLihUvKvpsCWiQ2DJq1tVckopKm1rxomgNUc9hg==}
    engines: {node: '>=18'}

  '@discordjs/formatters@0.6.2':
    resolution: {integrity: sha512-y4UPwWhH6vChKRkGdMB4odasUbHOUwy7KL+OVwF86PvT6QVOwElx+TiI1/6kcmcEe+g5YRXJFiXSXUdabqZOvQ==}
    engines: {node: '>=16.11.0'}

  '@discordjs/rest@2.6.0':
    resolution: {integrity: sha512-RDYrhmpB7mTvmCKcpj+pc5k7POKszS4E2O9TYc+U+Y4iaCP+r910QdO43qmpOja8LRr1RJ0b3U+CqVsnPqzf4w==}
    engines: {node: '>=18'}

  '@discordjs/util@1.2.0':
    resolution: {integrity: sha512-3LKP7F2+atl9vJFhaBjn4nOaSWahZ/yWjOvA4e5pnXkt2qyXRCHLxoBQy81GFtLGCq7K9lPm9R517M1U+/90Qg==}
    engines: {node: '>=18'}

  '@discordjs/ws@1.2.3':
    resolution: {integrity: sha512-wPlQDxEmlDg5IxhJPuxXr3Vy9AjYq5xCvFWGJyD7w7Np8ZGu+Mc+97LCoEc/+AYCo2IDpKioiH0/c/mj5ZR9Uw==}
    engines: {node: '>=16.11.0'}

  '@lmstudio/lms-isomorphic@0.4.6':
    resolution: {integrity: sha512-v0LIjXKnDe3Ff3XZO5eQjlVxTjleUHXaom14MV7QU9bvwaoo3l5p71+xJ3mmSaqZq370CQ6pTKCn1Bb7Jf+VwQ==}

  '@lmstudio/sdk@1.5.0':
    resolution: {integrity: sha512-fdY12x4hb14PEjYijh7YeCqT1ZDY5Ok6VR4l4+E/dI+F6NW8oB+P83Sxed5vqE4XgTzbgyPuSR2ZbMNxxF+6jA==}

  '@sapphire/async-queue@1.5.5':
    resolution: {integrity: sha512-cvGzxbba6sav2zZkH8GPf2oGk9yYoD5qrNWdu9fRehifgnFZJMV+nuy2nON2roRO4yQQ+v7MK/Pktl/HgfsUXg==}
    engines: {node: '>=v14.0.0', npm: '>=7.0.0'}

  '@sapphire/decorators@6.2.0':
    resolution: {integrity: sha512-st1DNDCNoZaZYz3fgCA99W87Bhe6XqM8y0G+Z9NBOBEqvOYkVNGcPMDrMiaZrPD9Z471k8fpLqJVUNSuWUx8Hg==}
    engines: {node: '>=v14.0.0', npm: '>=7.0.0'}

  '@sapphire/discord-utilities@3.5.0':
    resolution: {integrity: sha512-H4SY5KTVDZrqA5QG7ob6etwqhdOb3TRSY2wv56f0tiobUdIr0irlrYvdmr8Kg/FRxWU+aiHDIISWGG5vBuxOGw==}
    engines: {node: '>=v14.0.0', npm: '>=7.0.0'}

  '@sapphire/discord-utilities@4.0.0':
    resolution: {integrity: sha512-QAvrKNHgswz+ZX48WqSYpRiRzQcugNXXB1C3fR1qbpTJGd7Ckr2OWyFK88TyOksi3U2isrk8sMriTcAgaIe7Qg==}
    engines: {node: '>=v14.0.0', npm: '>=7.0.0'}

  '@sapphire/discord.js-utilities@7.3.3':
    resolution: {integrity: sha512-WDj+zjWgNCUSvzYDD0wY3TVeTUseHq0Nhk0wVWxSDjY8z2gFEVcpY7wF8/fbTDWP44LUG5sUQ4haIrIj2OjmkQ==}
    engines: {node: '>=16.6.0', npm: '>=7.0.0'}

  '@sapphire/duration@1.2.0':
    resolution: {integrity: sha512-LxjOAFXz81WmrI8XX9YaVcAZDjQj/1p78lZCvkAWZB1nphOwz/D0dU3CBejmhOWx5dO5CszTkLJMNR0xuCK+Zg==}
    engines: {node: '>=v14.0.0', npm: '>=7.0.0'}

  '@sapphire/framework@5.5.0':
    resolution: {integrity: sha512-jC+zS8yR/MtJaTFEQutBBWj7Scuvny4d0adtQ3s0OCFWe3rUqNfENomBG3P4tsQ/kRF7L3WCqucyLV8ywG24hw==}
    engines: {node: '>=v18', npm: '>=7'}

  '@sapphire/lexure@1.1.12':
    resolution: {integrity: sha512-F7Z3QzRnAZGunRl24/qQMhzRogZU/foumu2EBBunRnQi/o/DLTCwdAbLgJATyPlvJa8N6FrJq0JJwvzM/vXoXg==}
    engines: {node: '>=v14.0.0', npm: '>=7.0.0'}

  '@sapphire/pieces@4.4.1':
    resolution: {integrity: sha512-2v49P++RzHGb23bdjSa9u7flkdvhrq94IUO9PneY538TILN5QiMxfaXVK+pDR2YR7jpQYBy9APwtFDes2Svykg==}
    engines: {node: '>=v14.0.0', npm: '>=7.0.0'}

  '@sapphire/ratelimits@2.4.11':
    resolution: {integrity: sha512-O6FNA/P0wxU4Ve9gxL948CoZw7+sSpujyUR2CLyLLCNuNvuFGFxPCJVl5crFVLXMIyBIrc2qk+/H9bsqsyQK1Q==}
    engines: {node: '>=v14.0.0', npm: '>=7.0.0'}

  '@sapphire/result@2.8.0':
    resolution: {integrity: sha512-693yWouX+hR9uJm1Jgq0uSSjbSD3UrblMaxiuGbHPjSwzLCSZTcm0h3kvdVhq3o/yl4+oeAWW3hiaJ0TELuRJQ==}
    engines: {node: '>=v14.0.0', npm: '>=7.0.0'}

  '@sapphire/shapeshift@4.0.0':
    resolution: {integrity: sha512-d9dUmWVA7MMiKobL3VpLF8P2aeanRTu6ypG2OIaEv/ZHH/SUQ2iHOVyi5wAPjQ+HmnMuL0whK9ez8I/raWbtIg==}
    engines: {node: '>=v16'}

  '@sapphire/snowflake@3.5.3':
    resolution: {integrity: sha512-jjmJywLAFoWeBi1W7994zZyiNWPIiqRRNAmSERxyg93xRGzNYvGjlZ0gR6x0F4gPRi2+0O6S71kOZYyr3cxaIQ==}
    engines: {node: '>=v14.0.0', npm: '>=7.0.0'}

  '@sapphire/stopwatch@1.5.4':
    resolution: {integrity: sha512-IVI48D2yAz411bSttXyTkBH0p2vhrXoqWLn5loDDSAAEUGkM1r5KNCX2027ifQ8svdoMkUfIGjFueR+satLeWw==}
    engines: {node: '>=v14.0.0', npm: '>=7.0.0'}

  '@sapphire/utilities@3.18.2':
    resolution: {integrity: sha512-QGLdC9+pT74Zd7aaObqn0EUfq40c4dyTL65pFnkM6WO1QYN7Yg/s4CdH+CXmx0Zcu6wcfCWILSftXPMosJHP5A==}
    engines: {node: '>=v14.0.0'}

  '@types/node@25.0.3':
    resolution: {integrity: sha512-W609buLVRVmeW693xKfzHeIV6nJGGz98uCPfeXI1ELMLXVeKYZ9m15fAMSaUPBHYLGFsVRcMmSCksQOrZV9BYA==}

  '@types/seedrandom@3.0.8':
    resolution: {integrity: sha512-TY1eezMU2zH2ozQoAFAQFOPpvP15g+ZgSfTZt31AUUH/Rxtnz3H+A/Sv1Snw2/amp//omibc+AEkTaA8KUeOLQ==}

  '@types/ws@8.18.1':
    resolution: {integrity: sha512-ThVF6DCVhA8kUGy+aazFQ4kXQ7E1Ty7A3ypFOe0IcJV8O/M511G99AW24irKrW56Wt44yG9+ij8FaqoBGkuBXg==}

  '@typescript/native-preview-darwin-arm64@7.0.0-dev.20260106.1':
    resolution: {integrity: sha512-9n7HIVP3UMgWSK8Yi2H+23hrrEDNNfkW78mbkxfatGh/ghU4m2QuO8R6MdMdPsSmmKDvbWOtpLEuSZFKNzu7eQ==}
    cpu: [arm64]
    os: [darwin]

  '@typescript/native-preview-darwin-x64@7.0.0-dev.20260106.1':
    resolution: {integrity: sha512-zHJ1KsgQTpBnG3RbI1kjH/fD8juc5DTlQ9gbmJi23OhhaOgNF+PkqC2vAAWLFqdH99tAMvmJf9BJncbB7LwxXA==}
    cpu: [x64]
    os: [darwin]

  '@typescript/native-preview-linux-arm64@7.0.0-dev.20260106.1':
    resolution: {integrity: sha512-Mp7M7fgUsVW8MHadN58gjie1bzg06K1Id6vm2Aycnmk9rKgu8CxdaDayllr5giPo+iZLZOnw2FyGItrywd4fuA==}
    cpu: [arm64]
    os: [linux]

  '@typescript/native-preview-linux-arm@7.0.0-dev.20260106.1':
    resolution: {integrity: sha512-z7hdUMOOhdiVg1RmWyRyrIG3IIki4eJF3/TUtVVSTRwGq3t+j2JnLUUoK5VgX7EiqlN6wuJ94/FpWtyf+X4fkw==}
    cpu: [arm]
    os: [linux]

  '@typescript/native-preview-linux-x64@7.0.0-dev.20260106.1':
    resolution: {integrity: sha512-H+c7xgK0gItbntnPFvt9nVv+cjjjn0lTj2tIjBQcTbH92q9RgFkIfztgxrP5zD8MzJKDOyIw/iAUSsb57lyxjw==}
    cpu: [x64]
    os: [linux]

  '@typescript/native-preview-win32-arm64@7.0.0-dev.20260106.1':
    resolution: {integrity: sha512-PS1FyYa+/sHQa5Va0yz21DxaBkGGwOYfjMyRSs6oHq01DzMnVIjtsdNAALP0+oqki8Adw0D2XtsdB5QapDbBJw==}
    cpu: [arm64]
    os: [win32]

  '@typescript/native-preview-win32-x64@7.0.0-dev.20260106.1':
    resolution: {integrity: sha512-AKVSTGcIE7d5KFtclhK3PVwUrsNnzziA7ZC/VDbMbvYCjLk7FE2GdNKaxQxLGHb53IUirgmltR5r4htn0WSM6A==}
    cpu: [x64]
    os: [win32]

  '@typescript/native-preview@7.0.0-dev.20260106.1':
    resolution: {integrity: sha512-EeH81rQsgLjewxuVOBN0MnQWAyf5YNeHRP3+Et6wJyr4d7HuA7zFwfNaEdfX1k366kgpKOR5K6dakorBhKZGng==}
    hasBin: true

  '@vladfrangu/async_event_emitter@2.4.7':
    resolution: {integrity: sha512-Xfe6rpCTxSxfbswi/W/Pz7zp1WWSNn4A0eW4mLkQUewCrXXtMj31lCg+iQyTkh/CkusZSq9eDflu7tjEDXUY6g==}
    engines: {node: '>=v14.0.0', npm: '>=7.0.0'}

  ansi-styles@4.3.0:
    resolution: {integrity: sha512-zbB9rCJAT1rbjiVDb2hqKFHNYLxgtk8NURxZ3IZwD3F6NtxbXZQCnnSi1Lkx+IDohdPlFp222wVALIheZJQSEg==}
    engines: {node: '>=8'}

  boolbase@1.0.0:
    resolution: {integrity: sha512-JZOSA7Mo9sNGB8+UjSgzdLtokWAky1zbztM3WRLCbZ70/3cTANmQmOdR7y2g+J0e2WXywy1yS468tY+IruqEww==}

  chalk@4.1.2:
    resolution: {integrity: sha512-oKnbhFyRIXpUuez8iBMmyEa4nbj4IOQyuhc/wy9kY7/WVPcwIO9VA668Pu8RkO7+0G76SLROeyw9CpQ061i4mA==}
    engines: {node: '>=10'}

  cheerio-select@2.1.0:
    resolution: {integrity: sha512-9v9kG0LvzrlcungtnJtpGNxY+fzECQKhK4EGJX2vByejiMX84MFNQw4UxPJl3bFbTMw+Dfs37XaIkCwTZfLh4g==}

  cheerio@1.1.2:
    resolution: {integrity: sha512-IkxPpb5rS/d1IiLbHMgfPuS0FgiWTtFIm/Nj+2woXDLTZ7fOT2eqzgYbdMlLweqlHbsZjxEChoVK+7iph7jyQg==}
    engines: {node: '>=20.18.1'}

  color-convert@2.0.1:
    resolution: {integrity: sha512-RRECPsj7iu/xb5oKYcsFHSppFNnsj/52OVTRKb4zP5onXwVF3zVmmToNcOfGC+CRDpfK/U584fMg38ZHCaElKQ==}
    engines: {node: '>=7.0.0'}

  color-name@1.1.4:
    resolution: {integrity: sha512-dOy+3AuW3a2wNbZHIuMZpTcgjGuLU/uBL/ubcZF9OXbDo8ff4O8yVp5Bf0efS8uEoYo5q4Fx7dY9OgQGXgAsQA==}

  css-select@5.2.2:
    resolution: {integrity: sha512-TizTzUddG/xYLA3NXodFM0fSbNizXjOKhqiQQwvhlspadZokn1KDy0NZFS0wuEubIYAV5/c1/lAr0TaaFXEXzw==}

  css-what@6.2.2:
    resolution: {integrity: sha512-u/O3vwbptzhMs3L1fQE82ZSLHQQfto5gyZzwteVIEyeaY5Fc7R4dapF/BvRoSYFeqfBk4m0V1Vafq5Pjv25wvA==}
    engines: {node: '>= 6'}

  cssom@0.5.0:
    resolution: {integrity: sha512-iKuQcq+NdHqlAcwUY0o/HL69XQrUaQdMjmStJ8JFmUaiiQErlhrmuigkg/CU4E2J0IyUKUrMAgl36TvN67MqTw==}

  discord-api-types@0.38.37:
    resolution: {integrity: sha512-Cv47jzY1jkGkh5sv0bfHYqGgKOWO1peOrGMkDFM4UmaGMOTgOW8QSexhvixa9sVOiz8MnVOBryWYyw/CEVhj7w==}

  discord.js@14.25.1:
    resolution: {integrity: sha512-2l0gsPOLPs5t6GFZfQZKnL1OJNYFcuC/ETWsW4VtKVD/tg4ICa9x+jb9bkPffkMdRpRpuUaO/fKkHCBeiCKh8g==}
    engines: {node: '>=18'}

  dom-serializer@2.0.0:
    resolution: {integrity: sha512-wIkAryiqt/nV5EQKqQpo3SToSOV9J0DnbJqwK7Wv/Trc92zIAYZ4FlMu+JPFW1DfGFt81ZTCGgDEabffXeLyJg==}

  domelementtype@2.3.0:
    resolution: {integrity: sha512-OLETBj6w0OsagBwdXnPdN0cnMfF9opN69co+7ZrbfPGrdpPVNBUj02spi6B1N7wChLQiPn4CSH/zJvXw56gmHw==}

  domhandler@5.0.3:
    resolution: {integrity: sha512-cgwlv/1iFQiFnU96XXgROh8xTeetsnJiDsTc7TYCLFd9+/WNkIqPTxiM/8pSd8VIrhXGTf1Ny1q1hquVqDJB5w==}
    engines: {node: '>= 4'}

  domutils@3.2.2:
    resolution: {integrity: sha512-6kZKyUajlDuqlHKVX1w7gyslj9MPIXzIFiz/rGu35uC1wMi+kMhQwGhl4lt9unC9Vb9INnY9Z3/ZA3+FhASLaw==}

  dotenv@17.2.3:
    resolution: {integrity: sha512-JVUnt+DUIzu87TABbhPmNfVdBDt18BLOWjMUFJMSi/Qqg7NTYtabbvSNJGOJ7afbRuv9D/lngizHtP7QyLQ+9w==}
    engines: {node: '>=12'}

  duckduckjs@1.0.1:
    resolution: {integrity: sha512-w8aambJ7Jb8SeFFMLoV++Iyw2fENNQmYLPiEafP28GvdhBoIKQXGEAoNskiOgqNTDqHNNAf/ZtEUJXR+il+E3g==}

  encoding-sniffer@0.2.1:
    resolution: {integrity: sha512-5gvq20T6vfpekVtqrYQsSCFZ1wEg5+wW0/QaZMWkFr6BqD3NfKs0rLCx4rrVlSWJeZb5NBJgVLswK/w2MWU+Gw==}

  entities@4.5.0:
    resolution: {integrity: sha512-V0hjH4dGPh9Ao5p0MoRY6BVqtwCjhz6vI5LT8AJ55H+4g9/4vbHx1I54fS0XuclLhDHArPQCiMjDxjaL8fPxhw==}
    engines: {node: '>=0.12'}

  entities@6.0.1:
    resolution: {integrity: sha512-aN97NXWF6AWBTahfVOIrB/NShkzi5H7F9r1s9mD3cDj4Ko5f2qhhVoYMibXF7GlLveb/D2ioWay8lxI97Ven3g==}
    engines: {node: '>=0.12'}

  fast-deep-equal@3.1.3:
    resolution: {integrity: sha512-f3qQ9oQy9j2AhBe/H9VC91wLmKBCCU/gDOnKNAYG5hswO7BLKj09Hc5HYNz9cGI++xlpDCIgDaitVs03ATR84Q==}

  has-flag@4.0.0:
    resolution: {integrity: sha512-EykJT/Q1KjTWctppgIAgfSO0tKVuZUjhgMr17kqTumMl6Afv3EISleU7qZUzoXDFTAHTDC4NOoG/ZxU3EvlMPQ==}
    engines: {node: '>=8'}

  html-escaper@3.0.3:
    resolution: {integrity: sha512-RuMffC89BOWQoY0WKGpIhn5gX3iI54O6nRA0yC124NYVtzjmFWBIiFd8M0x+ZdX0P9R4lADg1mgP8C7PxGOWuQ==}

  htmlparser2@10.0.0:
    resolution: {integrity: sha512-TwAZM+zE5Tq3lrEHvOlvwgj1XLWQCtaaibSN11Q+gGBAS7Y1uZSWwXXRe4iF6OXnaq1riyQAPFOBtYc77Mxq0g==}

  iconv-lite@0.6.3:
    resolution: {integrity: sha512-4fCk79wshMdzMp2rH06qWrJE4iolqLhCUH+OiuIgU++RB0+94NlDL81atO7GX55uUKueo0txHNtvEyI6D7WdMw==}
    engines: {node: '>=0.10.0'}

  jsonschema@1.5.0:
    resolution: {integrity: sha512-K+A9hhqbn0f3pJX17Q/7H6yQfD/5OXgdrR5UE12gMXCiN9D5Xq2o5mddV2QEcX/bjla99ASsAAQUyMCCRWAEhw==}

  linkedom@0.18.12:
    resolution: {integrity: sha512-jalJsOwIKuQJSeTvsgzPe9iJzyfVaEJiEXl+25EkKevsULHvMJzpNqwvj1jOESWdmgKDiXObyjOYwlUqG7wo1Q==}
    engines: {node: '>=16'}
    peerDependencies:
      canvas: '>= 2'
    peerDependenciesMeta:
      canvas:
        optional: true

  lodash.snakecase@4.1.1:
    resolution: {integrity: sha512-QZ1d4xoBHYUeuouhEq3lk3Uq7ldgyFXGBhg04+oRLnIz8o9T65Eh+8YdroUwn846zchkA9yDsDl5CVVaV2nqYw==}

  lodash@4.17.21:
    resolution: {integrity: sha512-v2kDEe57lecTulaDIuNTPy3Ry4gLGJ6Z1O3vE1krgXZNrsQ+LFTGHVxVjcXPs17LhbZVGedAJv8XZ1tvj5FvSg==}

  magic-bytes.js@1.12.1:
    resolution: {integrity: sha512-ThQLOhN86ZkJ7qemtVRGYM+gRgR8GEXNli9H/PMvpnZsE44Xfh3wx9kGJaldg314v85m+bFW6WBMaVHJc/c3zA==}

  nth-check@2.1.1:
    resolution: {integrity: sha512-lqjrjmaOoAnWfMmBPL+XNnynZh2+swxiX3WUE0s4yEHI6m+AwrK2UZOimIRl3X/4QctVqS8AiZjFqyOGrMXb/w==}

  parse5-htmlparser2-tree-adapter@7.1.0:
    resolution: {integrity: sha512-ruw5xyKs6lrpo9x9rCZqZZnIUntICjQAd0Wsmp396Ul9lN/h+ifgVV1x1gZHi8euej6wTfpqX8j+BFQxF0NS/g==}

  parse5-parser-stream@7.1.2:
    resolution: {integrity: sha512-JyeQc9iwFLn5TbvvqACIF/VXG6abODeB3Fwmv/TGdLk2LfbWkaySGY72at4+Ty7EkPZj854u4CrICqNk2qIbow==}

  parse5@7.3.0:
    resolution: {integrity: sha512-IInvU7fabl34qmi9gY8XOVxhYyMyuH2xUNpb2q8/Y+7552KlejkRvqvD19nMoUW/uQGGbqNpA6Tufu5FL5BZgw==}

  safer-buffer@2.1.2:
    resolution: {integrity: sha512-YZo3K82SD7Riyi0E1EQPojLz7kpepnSQI9IyPbHHg1XXXevb5dJI7tpyN2ADxGcQbHG7vcyRHk0cbwqcQriUtg==}

  seedrandom@3.0.5:
    resolution: {integrity: sha512-8OwmbklUNzwezjGInmZ+2clQmExQPvomqjL7LFqOYqtmuxRgQYqOD3mHaU+MvZn5FLUeVxVfQjwLZW/n/JFuqg==}

  supports-color@7.2.0:
    resolution: {integrity: sha512-qpCAvRl9stuOHveKsn7HncJRvv501qIacKzQlO/+Lwxc9+0q2wLyv4Dfvt80/DPn2pqOBsJdDiogXGR9+OvwRw==}
    engines: {node: '>=8'}

  ts-mixer@6.0.4:
    resolution: {integrity: sha512-ufKpbmrugz5Aou4wcr5Wc1UUFWOLhq+Fm6qa6P0w0K5Qw2yhaUoiWszhCVuNQyNwrlGiscHOmqYoAox1PtvgjA==}

  tslib@2.8.1:
    resolution: {integrity: sha512-oJFu94HQb+KVduSUQL7wnpmqnfmLsOA/nAh6b6EH0wCEoK0/mPeXU6c3wKDV83MkOuHPRHtSXKKU99IBazS/2w==}

  uhyphen@0.2.0:
    resolution: {integrity: sha512-qz3o9CHXmJJPGBdqzab7qAYuW8kQGKNEuoHFYrBwV6hWIMcpAmxDLXojcHfFr9US1Pe6zUswEIJIbLI610fuqA==}

  undici-types@7.16.0:
    resolution: {integrity: sha512-Zz+aZWSj8LE6zoxD+xrjh4VfkIG8Ya6LvYkZqtUQGJPZjYl53ypCaUwWqo7eI0x66KBGeRo+mlBEkMSeSZ38Nw==}

  undici@6.21.3:
    resolution: {integrity: sha512-gBLkYIlEnSp8pFbT64yFgGE6UIB9tAkhukC23PmMDCe5Nd+cRqKxSjw5y54MK2AZMgZfJWMaNE4nYUHgi1XEOw==}
    engines: {node: '>=18.17'}

  undici@7.18.2:
    resolution: {integrity: sha512-y+8YjDFzWdQlSE9N5nzKMT3g4a5UBX1HKowfdXh0uvAnTaqqwqB92Jt4UXBAeKekDs5IaDKyJFR4X1gYVCgXcw==}
    engines: {node: '>=20.18.1'}

  whatwg-encoding@3.1.1:
    resolution: {integrity: sha512-6qN4hJdMwfYBtE3YBTTHhoeuUrDBPZmbQaxWAqSALV/MeEnR5z1xd8UKud2RAkFoPkmB+hli1TZSnyi84xz1vQ==}
    engines: {node: '>=18'}
    deprecated: Use @exodus/bytes instead for a more spec-conformant and faster implementation

  whatwg-mimetype@4.0.0:
    resolution: {integrity: sha512-QaKxh0eNIi2mE9p2vEdzfagOKHCcj1pJ56EEHGQOVxp8r9/iszLUUV7v89x9O1p/T+NlTM5W7jW6+cz4Fq1YVg==}
    engines: {node: '>=18'}

  ws@8.19.0:
    resolution: {integrity: sha512-blAT2mjOEIi0ZzruJfIhb3nps74PRWTCz1IjglWEEpQl5XS/UNama6u2/rjFkDDouqr4L67ry+1aGIALViWjDg==}
    engines: {node: '>=10.0.0'}
    peerDependencies:
      bufferutil: ^4.0.1
      utf-8-validate: '>=5.0.2'
    peerDependenciesMeta:
      bufferutil:
        optional: true
      utf-8-validate:
        optional: true

  zod-to-json-schema@3.25.1:
    resolution: {integrity: sha512-pM/SU9d3YAggzi6MtR4h7ruuQlqKtad8e9S0fmxcMi+ueAK5Korys/aWcV9LIIHTVbj01NdzxcnXSN+O74ZIVA==}
    peerDependencies:
      zod: ^3.25 || ^4

  zod@3.25.76:
    resolution: {integrity: sha512-gzUt/qt81nXsFGKIFcC3YnfEAx5NkunCfnDlvuBSSFS02bcXu4Lmea0AFIUwbLWxWPx3d9p8S5QoaujKcNQxcQ==}

snapshots:

  '@discordjs/builders@1.13.1':
    dependencies:
      '@discordjs/formatters': 0.6.2
      '@discordjs/util': 1.2.0
      '@sapphire/shapeshift': 4.0.0
      discord-api-types: 0.38.37
      fast-deep-equal: 3.1.3
      ts-mixer: 6.0.4
      tslib: 2.8.1

  '@discordjs/collection@1.5.3': {}

  '@discordjs/collection@2.1.1': {}

  '@discordjs/formatters@0.6.2':
    dependencies:
      discord-api-types: 0.38.37

  '@discordjs/rest@2.6.0':
    dependencies:
      '@discordjs/collection': 2.1.1
      '@discordjs/util': 1.2.0
      '@sapphire/async-queue': 1.5.5
      '@sapphire/snowflake': 3.5.3
      '@vladfrangu/async_event_emitter': 2.4.7
      discord-api-types: 0.38.37
      magic-bytes.js: 1.12.1
      tslib: 2.8.1
      undici: 6.21.3

  '@discordjs/util@1.2.0':
    dependencies:
      discord-api-types: 0.38.37

  '@discordjs/ws@1.2.3':
    dependencies:
      '@discordjs/collection': 2.1.1
      '@discordjs/rest': 2.6.0
      '@discordjs/util': 1.2.0
      '@sapphire/async-queue': 1.5.5
      '@types/ws': 8.18.1
      '@vladfrangu/async_event_emitter': 2.4.7
      discord-api-types: 0.38.37
      tslib: 2.8.1
      ws: 8.19.0
    transitivePeerDependencies:
      - bufferutil
      - utf-8-validate

  '@lmstudio/lms-isomorphic@0.4.6':
    dependencies:
      ws: 8.19.0
    transitivePeerDependencies:
      - bufferutil
      - utf-8-validate

  '@lmstudio/sdk@1.5.0':
    dependencies:
      '@lmstudio/lms-isomorphic': 0.4.6
      chalk: 4.1.2
      jsonschema: 1.5.0
      zod: 3.25.76
      zod-to-json-schema: 3.25.1(zod@3.25.76)
    transitivePeerDependencies:
      - bufferutil
      - utf-8-validate

  '@sapphire/async-queue@1.5.5': {}

  '@sapphire/decorators@6.2.0':
    dependencies:
      tslib: 2.8.1

  '@sapphire/discord-utilities@3.5.0':
    dependencies:
      discord-api-types: 0.38.37

  '@sapphire/discord-utilities@4.0.0':
    dependencies:
      discord-api-types: 0.38.37

  '@sapphire/discord.js-utilities@7.3.3':
    dependencies:
      '@sapphire/discord-utilities': 3.5.0
      '@sapphire/duration': 1.2.0
      '@sapphire/utilities': 3.18.2
      tslib: 2.8.1

  '@sapphire/duration@1.2.0': {}

  '@sapphire/framework@5.5.0':
    dependencies:
      '@discordjs/builders': 1.13.1
      '@sapphire/discord-utilities': 4.0.0
      '@sapphire/discord.js-utilities': 7.3.3
      '@sapphire/lexure': 1.1.12
      '@sapphire/pieces': 4.4.1
      '@sapphire/ratelimits': 2.4.11
      '@sapphire/result': 2.8.0
      '@sapphire/stopwatch': 1.5.4
      '@sapphire/utilities': 3.18.2

  '@sapphire/lexure@1.1.12':
    dependencies:
      '@sapphire/result': 2.8.0

  '@sapphire/pieces@4.4.1':
    dependencies:
      '@discordjs/collection': 2.1.1
      '@sapphire/utilities': 3.18.2
      tslib: 2.8.1

  '@sapphire/ratelimits@2.4.11': {}

  '@sapphire/result@2.8.0': {}

  '@sapphire/shapeshift@4.0.0':
    dependencies:
      fast-deep-equal: 3.1.3
      lodash: 4.17.21

  '@sapphire/snowflake@3.5.3': {}

  '@sapphire/stopwatch@1.5.4':
    dependencies:
      tslib: 2.8.1

  '@sapphire/utilities@3.18.2': {}

  '@types/node@25.0.3':
    dependencies:
      undici-types: 7.16.0

  '@types/seedrandom@3.0.8': {}

  '@types/ws@8.18.1':
    dependencies:
      '@types/node': 25.0.3

  '@typescript/native-preview-darwin-arm64@7.0.0-dev.20260106.1':
    optional: true

  '@typescript/native-preview-darwin-x64@7.0.0-dev.20260106.1':
    optional: true

  '@typescript/native-preview-linux-arm64@7.0.0-dev.20260106.1':
    optional: true

  '@typescript/native-preview-linux-arm@7.0.0-dev.20260106.1':
    optional: true

  '@typescript/native-preview-linux-x64@7.0.0-dev.20260106.1':
    optional: true

  '@typescript/native-preview-win32-arm64@7.0.0-dev.20260106.1':
    optional: true

  '@typescript/native-preview-win32-x64@7.0.0-dev.20260106.1':
    optional: true

  '@typescript/native-preview@7.0.0-dev.20260106.1':
    optionalDependencies:
      '@typescript/native-preview-darwin-arm64': 7.0.0-dev.20260106.1
      '@typescript/native-preview-darwin-x64': 7.0.0-dev.20260106.1
      '@typescript/native-preview-linux-arm': 7.0.0-dev.20260106.1
      '@typescript/native-preview-linux-arm64': 7.0.0-dev.20260106.1
      '@typescript/native-preview-linux-x64': 7.0.0-dev.20260106.1
      '@typescript/native-preview-win32-arm64': 7.0.0-dev.20260106.1
      '@typescript/native-preview-win32-x64': 7.0.0-dev.20260106.1

  '@vladfrangu/async_event_emitter@2.4.7': {}

  ansi-styles@4.3.0:
    dependencies:
      color-convert: 2.0.1

  boolbase@1.0.0: {}

  chalk@4.1.2:
    dependencies:
      ansi-styles: 4.3.0
      supports-color: 7.2.0

  cheerio-select@2.1.0:
    dependencies:
      boolbase: 1.0.0
      css-select: 5.2.2
      css-what: 6.2.2
      domelementtype: 2.3.0
      domhandler: 5.0.3
      domutils: 3.2.2

  cheerio@1.1.2:
    dependencies:
      cheerio-select: 2.1.0
      dom-serializer: 2.0.0
      domhandler: 5.0.3
      domutils: 3.2.2
      encoding-sniffer: 0.2.1
      htmlparser2: 10.0.0
      parse5: 7.3.0
      parse5-htmlparser2-tree-adapter: 7.1.0
      parse5-parser-stream: 7.1.2
      undici: 7.18.2
      whatwg-mimetype: 4.0.0

  color-convert@2.0.1:
    dependencies:
      color-name: 1.1.4

  color-name@1.1.4: {}

  css-select@5.2.2:
    dependencies:
      boolbase: 1.0.0
      css-what: 6.2.2
      domhandler: 5.0.3
      domutils: 3.2.2
      nth-check: 2.1.1

  css-what@6.2.2: {}

  cssom@0.5.0: {}

  discord-api-types@0.38.37: {}

  discord.js@14.25.1:
    dependencies:
      '@discordjs/builders': 1.13.1
      '@discordjs/collection': 1.5.3
      '@discordjs/formatters': 0.6.2
      '@discordjs/rest': 2.6.0
      '@discordjs/util': 1.2.0
      '@discordjs/ws': 1.2.3
      '@sapphire/snowflake': 3.5.3
      discord-api-types: 0.38.37
      fast-deep-equal: 3.1.3
      lodash.snakecase: 4.1.1
      magic-bytes.js: 1.12.1
      tslib: 2.8.1
      undici: 6.21.3
    transitivePeerDependencies:
      - bufferutil
      - utf-8-validate

  dom-serializer@2.0.0:
    dependencies:
      domelementtype: 2.3.0
      domhandler: 5.0.3
      entities: 4.5.0

  domelementtype@2.3.0: {}

  domhandler@5.0.3:
    dependencies:
      domelementtype: 2.3.0

  domutils@3.2.2:
    dependencies:
      dom-serializer: 2.0.0
      domelementtype: 2.3.0
      domhandler: 5.0.3

  dotenv@17.2.3: {}

  duckduckjs@1.0.1:
    dependencies:
      linkedom: 0.18.12
    transitivePeerDependencies:
      - canvas

  encoding-sniffer@0.2.1:
    dependencies:
      iconv-lite: 0.6.3
      whatwg-encoding: 3.1.1

  entities@4.5.0: {}

  entities@6.0.1: {}

  fast-deep-equal@3.1.3: {}

  has-flag@4.0.0: {}

  html-escaper@3.0.3: {}

  htmlparser2@10.0.0:
    dependencies:
      domelementtype: 2.3.0
      domhandler: 5.0.3
      domutils: 3.2.2
      entities: 6.0.1

  iconv-lite@0.6.3:
    dependencies:
      safer-buffer: 2.1.2

  jsonschema@1.5.0: {}

  linkedom@0.18.12:
    dependencies:
      css-select: 5.2.2
      cssom: 0.5.0
      html-escaper: 3.0.3
      htmlparser2: 10.0.0
      uhyphen: 0.2.0

  lodash.snakecase@4.1.1: {}

  lodash@4.17.21: {}

  magic-bytes.js@1.12.1: {}

  nth-check@2.1.1:
    dependencies:
      boolbase: 1.0.0

  parse5-htmlparser2-tree-adapter@7.1.0:
    dependencies:
      domhandler: 5.0.3
      parse5: 7.3.0

  parse5-parser-stream@7.1.2:
    dependencies:
      parse5: 7.3.0

  parse5@7.3.0:
    dependencies:
      entities: 6.0.1

  safer-buffer@2.1.2: {}

  seedrandom@3.0.5: {}

  supports-color@7.2.0:
    dependencies:
      has-flag: 4.0.0

  ts-mixer@6.0.4: {}

  tslib@2.8.1: {}

  uhyphen@0.2.0: {}

  undici-types@7.16.0: {}

  undici@6.21.3: {}

  undici@7.18.2: {}

  whatwg-encoding@3.1.1:
    dependencies:
      iconv-lite: 0.6.3

  whatwg-mimetype@4.0.0: {}

  ws@8.19.0: {}

  zod-to-json-schema@3.25.1(zod@3.25.76):
    dependencies:
      zod: 3.25.76

  zod@3.25.76: {}
